
Microsoft Visual Studio Solution File, Format Version 12.00
# Visual Studio 15
Project("{FAE04EC0-301F-11D3-BF4B-00C04F79EFBC}") = "PCShop", "PCShop\PCShop.csproj", "{86DFB826-6FF0-443F-83DE-DA58B06F26CB}"
EndProject
Global
	GlobalSection(SolutionConfigurationPlatforms) = preSolution
		Debug|anycpu = Debug|anycpu
		Release|anycpu = Release|anycpu
	EndGlobalSection
	GlobalSection(ProjectConfigurationPlatforms) = postSolution
		{86DFB826-6FF0-443F-83DE-DA58B06F26CB}.Debug|anycpu.ActiveCfg = Debug|anycpu
		{86DFB826-6FF0-443F-83DE-DA58B06F26CB}.Debug|anycpu.Build.0 = Debug|anycpu
		{86DFB826-6FF0-443F-83DE-DA58B06F26CB}.Release|anycpu.ActiveCfg = Release|anycpu
		{86DFB826-6FF0-443F-83DE-DA58B06F26CB}.Release|anycpu.Build.0 = Release|anycpu
	EndGlobalSection
EndGlobal
